
Microsoft Visual Studio Solution File, Format Version 12.00
# Visual Studio Version 17
VisualStudioVersion = 17.4.33205.214
MinimumVisualStudioVersion = 10.0.40219.1
Project("{FAE04EC0-301F-11D3-BF4B-00C04F79EFBC}") = "LinkedinJobApplicationAutomation", "LinkedinJobApplicationAutomation\LinkedinJobApplicationAutomation.csproj", "{46AC218E-0B4E-4664-A231-D43D380D6605}"
EndProject
Project("{FAE04EC0-301F-11D3-BF4B-00C04F79EFBC}") = "LinkedinJAASerial", "LinkedinJAASerial\LinkedinJAASerial.csproj", "{F170EFEB-D63E-4B7D-AF65-00E919B25D5A}"
EndProject
Project("{FAE04EC0-301F-11D3-BF4B-00C04F79EFBC}") = "LinkedinJobApplier", "LinkedinJobApplier\LinkedinJobApplier.csproj", "{3B7B75AF-110D-44F6-800B-9CB50DF955AD}"
EndProject
Project("{9A19103F-16F7-4668-BE54-9A1E7A4F7556}") = "SerialHandler", "SerialHandler\SerialHandler.csproj", "{94D57A27-251C-457B-9E74-DD9448EFF5C5}"
EndProject
Project("{FAE04EC0-301F-11D3-BF4B-00C04F79EFBC}") = "Helper", "Helper\Helper.csproj", "{FE384AE9-9097-43BA-857A-D7A43F30E493}"
EndProject
Project("{54435603-DBB4-11D2-8724-00A0C9A8B90C}") = "LinkedinJobApplierSetup", "LinkedinJobApplierSetup\LinkedinJobApplierSetup.vdproj", "{DE7B5074-9DEA-4736-B131-C571FBF19604}"
EndProject
Project("{FAE04EC0-301F-11D3-BF4B-00C04F79EFBC}") = "LinkedinApplierAPI", "LinkedinApplierAPI\LinkedinApplierAPI.csproj", "{6D18D8D0-CFB3-45BA-A5F9-EB17E6283073}"
EndProject
Global
	GlobalSection(SolutionConfigurationPlatforms) = preSolution
		Debug|Any CPU = Debug|Any CPU
		Release|Any CPU = Release|Any CPU
	EndGlobalSection
	GlobalSection(ProjectConfigurationPlatforms) = postSolution
		{46AC218E-0B4E-4664-A231-D43D380D6605}.Debug|Any CPU.ActiveCfg = Debug|Any CPU
		{46AC218E-0B4E-4664-A231-D43D380D6605}.Debug|Any CPU.Build.0 = Debug|Any CPU
		{46AC218E-0B4E-4664-A231-D43D380D6605}.Release|Any CPU.ActiveCfg = Release|Any CPU
		{46AC218E-0B4E-4664-A231-D43D380D6605}.Release|Any CPU.Build.0 = Release|Any CPU
		{F170EFEB-D63E-4B7D-AF65-00E919B25D5A}.Debug|Any CPU.ActiveCfg = Debug|Any CPU
		{F170EFEB-D63E-4B7D-AF65-00E919B25D5A}.Debug|Any CPU.Build.0 = Debug|Any CPU
		{F170EFEB-D63E-4B7D-AF65-00E919B25D5A}.Release|Any CPU.ActiveCfg = Release|Any CPU
		{F170EFEB-D63E-4B7D-AF65-00E919B25D5A}.Release|Any CPU.Build.0 = Release|Any CPU
		{3B7B75AF-110D-44F6-800B-9CB50DF955AD}.Debug|Any CPU.ActiveCfg = Debug|Any CPU
		{3B7B75AF-110D-44F6-800B-9CB50DF955AD}.Debug|Any CPU.Build.0 = Debug|Any CPU
		{3B7B75AF-110D-44F6-800B-9CB50DF955AD}.Release|Any CPU.ActiveCfg = Release|Any CPU
		{3B7B75AF-110D-44F6-800B-9CB50DF955AD}.Release|Any CPU.Build.0 = Release|Any CPU
		{94D57A27-251C-457B-9E74-DD9448EFF5C5}.Debug|Any CPU.ActiveCfg = Debug|Any CPU
		{94D57A27-251C-457B-9E74-DD9448EFF5C5}.Debug|Any CPU.Build.0 = Debug|Any CPU
		{94D57A27-251C-457B-9E74-DD9448EFF5C5}.Release|Any CPU.ActiveCfg = Release|Any CPU
		{94D57A27-251C-457B-9E74-DD9448EFF5C5}.Release|Any CPU.Build.0 = Release|Any CPU
		{FE384AE9-9097-43BA-857A-D7A43F30E493}.Debug|Any CPU.ActiveCfg = Debug|Any CPU
		{FE384AE9-9097-43BA-857A-D7A43F30E493}.Debug|Any CPU.Build.0 = Debug|Any CPU
		{FE384AE9-9097-43BA-857A-D7A43F30E493}.Release|Any CPU.ActiveCfg = Release|Any CPU
		{FE384AE9-9097-43BA-857A-D7A43F30E493}.Release|Any CPU.Build.0 = Release|Any CPU
		{DE7B5074-9DEA-4736-B131-C571FBF19604}.Debug|Any CPU.ActiveCfg = Debug
		{DE7B5074-9DEA-4736-B131-C571FBF19604}.Release|Any CPU.ActiveCfg = Release
		{6D18D8D0-CFB3-45BA-A5F9-EB17E6283073}.Debug|Any CPU.ActiveCfg = Debug|Any CPU
		{6D18D8D0-CFB3-45BA-A5F9-EB17E6283073}.Debug|Any CPU.Build.0 = Debug|Any CPU
		{6D18D8D0-CFB3-45BA-A5F9-EB17E6283073}.Release|Any CPU.ActiveCfg = Release|Any CPU
		{6D18D8D0-CFB3-45BA-A5F9-EB17E6283073}.Release|Any CPU.Build.0 = Release|Any CPU
	EndGlobalSection
	GlobalSection(SolutionProperties) = preSolution
		HideSolutionNode = FALSE
	EndGlobalSection
	GlobalSection(ExtensibilityGlobals) = postSolution
		SolutionGuid = {829BD475-F02D-4353-863D-2AF3ED884107}
	EndGlobalSection
EndGlobal
